
Microsoft Visual Studio Solution File, Format Version 12.00
# Visual Studio Version 17
VisualStudioVersion = 17.6.33829.357
MinimumVisualStudioVersion = 10.0.40219.1
Project("{FAE04EC0-301F-11D3-BF4B-00C04F79EFBC}") = "schap_bai2", "schap_bai2.csproj", "{29FB7B08-BD46-4DDF-A12E-56A38DC75F9B}"
EndProject
Global
	GlobalSection(SolutionConfigurationPlatforms) = preSolution
		Debug|Any CPU = Debug|Any CPU
		Release|Any CPU = Release|Any CPU
	EndGlobalSection
	GlobalSection(ProjectConfigurationPlatforms) = postSolution
		{29FB7B08-BD46-4DDF-A12E-56A38DC75F9B}.Debug|Any CPU.ActiveCfg = Debug|Any CPU
		{29FB7B08-BD46-4DDF-A12E-56A38DC75F9B}.Debug|Any CPU.Build.0 = Debug|Any CPU
		{29FB7B08-BD46-4DDF-A12E-56A38DC75F9B}.Release|Any CPU.ActiveCfg = Release|Any CPU
		{29FB7B08-BD46-4DDF-A12E-56A38DC75F9B}.Release|Any CPU.Build.0 = Release|Any CPU
	EndGlobalSection
	GlobalSection(SolutionProperties) = preSolution
		HideSolutionNode = FALSE
	EndGlobalSection
	GlobalSection(ExtensibilityGlobals) = postSolution
		SolutionGuid = {E955E0DF-4078-4DFC-8758-6424713CC333}
	EndGlobalSection
EndGlobal
